
Microsoft Visual Studio Solution File, Format Version 12.00
# Visual Studio Version 17
VisualStudioVersion = 17.11.35327.3
MinimumVisualStudioVersion = 10.0.40219.1
Project("{9A19103F-16F7-4668-BE54-9A1E7A4F7556}") = "entrollmentportal", "entrollmentportal\entrollmentportal.csproj", "{0A79615C-D72E-4C6D-B6E6-5FCFAA522337}"
EndProject
Project("{FAE04EC0-301F-11D3-BF4B-00C04F79EFBC}") = "entrollmentportal.DA", "entrollmentportal.DA\entrollmentportal.DA.csproj", "{F5FF7585-031F-4F7E-9C7F-56915C4951F4}"
EndProject
Project("{FAE04EC0-301F-11D3-BF4B-00C04F79EFBC}") = "entrollmentportal.BL", "entrollmentportal.BL\entrollmentportal.BL.csproj", "{269B8F40-F5D9-4181-9AF2-6553506AFA61}"
EndProject
Project("{FAE04EC0-301F-11D3-BF4B-00C04F79EFBC}") = "entrollmentportal.model", "entrollmentportal.model\entrollmentportal.model.csproj", "{55598192-3926-4E03-B57B-E5732CF63A41}"
EndProject
Global
	GlobalSection(SolutionConfigurationPlatforms) = preSolution
		Debug|Any CPU = Debug|Any CPU
		Release|Any CPU = Release|Any CPU
	EndGlobalSection
	GlobalSection(ProjectConfigurationPlatforms) = postSolution
		{0A79615C-D72E-4C6D-B6E6-5FCFAA522337}.Debug|Any CPU.ActiveCfg = Debug|Any CPU
		{0A79615C-D72E-4C6D-B6E6-5FCFAA522337}.Debug|Any CPU.Build.0 = Debug|Any CPU
		{0A79615C-D72E-4C6D-B6E6-5FCFAA522337}.Release|Any CPU.ActiveCfg = Release|Any CPU
		{0A79615C-D72E-4C6D-B6E6-5FCFAA522337}.Release|Any CPU.Build.0 = Release|Any CPU
		{F5FF7585-031F-4F7E-9C7F-56915C4951F4}.Debug|Any CPU.ActiveCfg = Debug|Any CPU
		{F5FF7585-031F-4F7E-9C7F-56915C4951F4}.Debug|Any CPU.Build.0 = Debug|Any CPU
		{F5FF7585-031F-4F7E-9C7F-56915C4951F4}.Release|Any CPU.ActiveCfg = Release|Any CPU
		{F5FF7585-031F-4F7E-9C7F-56915C4951F4}.Release|Any CPU.Build.0 = Release|Any CPU
		{269B8F40-F5D9-4181-9AF2-6553506AFA61}.Debug|Any CPU.ActiveCfg = Debug|Any CPU
		{269B8F40-F5D9-4181-9AF2-6553506AFA61}.Debug|Any CPU.Build.0 = Debug|Any CPU
		{269B8F40-F5D9-4181-9AF2-6553506AFA61}.Release|Any CPU.ActiveCfg = Release|Any CPU
		{269B8F40-F5D9-4181-9AF2-6553506AFA61}.Release|Any CPU.Build.0 = Release|Any CPU
		{55598192-3926-4E03-B57B-E5732CF63A41}.Debug|Any CPU.ActiveCfg = Debug|Any CPU
		{55598192-3926-4E03-B57B-E5732CF63A41}.Debug|Any CPU.Build.0 = Debug|Any CPU
		{55598192-3926-4E03-B57B-E5732CF63A41}.Release|Any CPU.ActiveCfg = Release|Any CPU
		{55598192-3926-4E03-B57B-E5732CF63A41}.Release|Any CPU.Build.0 = Release|Any CPU
	EndGlobalSection
	GlobalSection(SolutionProperties) = preSolution
		HideSolutionNode = FALSE
	EndGlobalSection
	GlobalSection(ExtensibilityGlobals) = postSolution
		SolutionGuid = {8E4FF4C3-67DB-469B-B97A-279208C780CE}
	EndGlobalSection
EndGlobal
